
Microsoft Visual Studio Solution File, Format Version 12.00
# Visual Studio Version 17
VisualStudioVersion = 17.0.31903.59
MinimumVisualStudioVersion = 10.0.40219.1
Project("{2150E333-8FDC-42A3-9474-1A3956D46DE8}") = "src", "src", "{99B6F8F1-D74E-46BF-92CB-C12D91A242BB}"
EndProject
Project("{FAE04EC0-301F-11D3-BF4B-00C04F79EFBC}") = "MSLearnGPT.API", "src\MSLearnGPT.API\MSLearnGPT.API.csproj", "{20E5A0E0-31AF-4EB3-9797-43F80DC2DF1B}"
EndProject
Global
	GlobalSection(SolutionConfigurationPlatforms) = preSolution
		Debug|Any CPU = Debug|Any CPU
		Release|Any CPU = Release|Any CPU
	EndGlobalSection
	GlobalSection(SolutionProperties) = preSolution
		HideSolutionNode = FALSE
	EndGlobalSection
	GlobalSection(ProjectConfigurationPlatforms) = postSolution
		{20E5A0E0-31AF-4EB3-9797-43F80DC2DF1B}.Debug|Any CPU.ActiveCfg = Debug|Any CPU
		{20E5A0E0-31AF-4EB3-9797-43F80DC2DF1B}.Debug|Any CPU.Build.0 = Debug|Any CPU
		{20E5A0E0-31AF-4EB3-9797-43F80DC2DF1B}.Release|Any CPU.ActiveCfg = Release|Any CPU
		{20E5A0E0-31AF-4EB3-9797-43F80DC2DF1B}.Release|Any CPU.Build.0 = Release|Any CPU
	EndGlobalSection
	GlobalSection(NestedProjects) = preSolution
		{20E5A0E0-31AF-4EB3-9797-43F80DC2DF1B} = {99B6F8F1-D74E-46BF-92CB-C12D91A242BB}
	EndGlobalSection
EndGlobal
